
Microsoft Visual Studio Solution File, Format Version 12.00
# Visual Studio Version 16
VisualStudioVersion = 16.0.31205.134
MinimumVisualStudioVersion = 10.0.40219.1
Project("{FAE04EC0-301F-11D3-BF4B-00C04F79EFBC}") = "Kursovaiar", "Kursovaiar.csproj", "{7D9DC728-FC22-444E-8F60-D787CCA1CA67}"
EndProject
Global
	GlobalSection(SolutionConfigurationPlatforms) = preSolution
		Debug|Any CPU = Debug|Any CPU
		Release|Any CPU = Release|Any CPU
	EndGlobalSection
	GlobalSection(ProjectConfigurationPlatforms) = postSolution
		{7D9DC728-FC22-444E-8F60-D787CCA1CA67}.Debug|Any CPU.ActiveCfg = Debug|Any CPU
		{7D9DC728-FC22-444E-8F60-D787CCA1CA67}.Debug|Any CPU.Build.0 = Debug|Any CPU
		{7D9DC728-FC22-444E-8F60-D787CCA1CA67}.Release|Any CPU.ActiveCfg = Release|Any CPU
		{7D9DC728-FC22-444E-8F60-D787CCA1CA67}.Release|Any CPU.Build.0 = Release|Any CPU
	EndGlobalSection
	GlobalSection(SolutionProperties) = preSolution
		HideSolutionNode = FALSE
	EndGlobalSection
	GlobalSection(ExtensibilityGlobals) = postSolution
		SolutionGuid = {E89B0FCB-A1B5-4A9D-9E59-0B4D5940FD25}
	EndGlobalSection
EndGlobal
